
Microsoft Visual Studio Solution File, Format Version 12.00
# Visual Studio Version 16
VisualStudioVersion = 16.0.31321.278
MinimumVisualStudioVersion = 10.0.40219.1
Project("{FAE04EC0-301F-11D3-BF4B-00C04F79EFBC}") = "Totuga", "Totuga\Totuga.csproj", "{8B8B2EFF-E6F1-4B1C-876D-D6014B0E17B8}"
EndProject
Global
	GlobalSection(SolutionConfigurationPlatforms) = preSolution
		Debug|Any CPU = Debug|Any CPU
		Release|Any CPU = Release|Any CPU
	EndGlobalSection
	GlobalSection(ProjectConfigurationPlatforms) = postSolution
		{8B8B2EFF-E6F1-4B1C-876D-D6014B0E17B8}.Debug|Any CPU.ActiveCfg = Debug|Any CPU
		{8B8B2EFF-E6F1-4B1C-876D-D6014B0E17B8}.Debug|Any CPU.Build.0 = Debug|Any CPU
		{8B8B2EFF-E6F1-4B1C-876D-D6014B0E17B8}.Release|Any CPU.ActiveCfg = Release|Any CPU
		{8B8B2EFF-E6F1-4B1C-876D-D6014B0E17B8}.Release|Any CPU.Build.0 = Release|Any CPU
	EndGlobalSection
	GlobalSection(SolutionProperties) = preSolution
		HideSolutionNode = FALSE
	EndGlobalSection
	GlobalSection(ExtensibilityGlobals) = postSolution
		SolutionGuid = {504D4F8B-FB66-45B2-9719-5F847B1784E8}
	EndGlobalSection
EndGlobal
